// !$*UTF8*$!
{
	archiveVersion = 1;
	classes = {
	};
	objectVersion = 56;
	objects = {

/* Begin PBXBuildFile section */
		D8D89A14297E271300EE7CF9 /* CreateHouse.swift in Sources */ = {isa = PBXBuildFile; fileRef = D8D89A13297E271300EE7CF9 /* CreateHouse.swift */; };
		D8D89A16297E27A300EE7CF9 /* MenuButton.swift in Sources */ = {isa = PBXBuildFile; fileRef = D8D89A15297E27A300EE7CF9 /* MenuButton.swift */; };
		D8D89A1A297E304E00EE7CF9 /* HouseView.swift in Sources */ = {isa = PBXBuildFile; fileRef = D8D89A19297E304E00EE7CF9 /* HouseView.swift */; };
		D8E98E1C297D0EE3004FBD4E /* Chore_ManagerApp.swift in Sources */ = {isa = PBXBuildFile; fileRef = D8E98E1B297D0EE3004FBD4E /* Chore_ManagerApp.swift */; };
		D8E98E1E297D0EE3004FBD4E /* ContentView.swift in Sources */ = {isa = PBXBuildFile; fileRef = D8E98E1D297D0EE3004FBD4E /* ContentView.swift */; };
		D8E98E20297D0EE5004FBD4E /* Assets.xcassets in Resources */ = {isa = PBXBuildFile; fileRef = D8E98E1F297D0EE5004FBD4E /* Assets.xcassets */; };
		D8E98E24297D0EE5004FBD4E /* Preview Assets.xcassets in Resources */ = {isa = PBXBuildFile; fileRef = D8E98E23297D0EE5004FBD4E /* Preview Assets.xcassets */; };
/* End PBXBuildFile section */

/* Begin PBXContainerItemProxy section */
		D8E98E2A297D0EE5004FBD4E /* PBXContainerItemProxy */ = {
			isa = PBXContainerItemProxy;
			containerPortal = D8E98E10297D0EE3004FBD4E /* Project object */;
			proxyType = 1;
			remoteGlobalIDString = D8E98E17297D0EE3004FBD4E;
			remoteInfo = "Chore Manager";
		};
		D8E98E34297D0EE5004FBD4E /* PBXContainerItemProxy */ = {
			isa = PBXContainerItemProxy;
			containerPortal = D8E98E10297D0EE3004FBD4E /* Project object */;
			proxyType = 1;
			remoteGlobalIDString = D8E98E17297D0EE3004FBD4E;
			remoteInfo = "Chore Manager";
		};
/* End PBXContainerItemProxy section */

/* Begin PBXFileReference section */
		D8D89A13297E271300EE7CF9 /* CreateHouse.swift */ = {isa = PBXFileReference; lastKnownFileType = sourcecode.swift; path = CreateHouse.swift; sourceTree = "<group>"; };
		D8D89A15297E27A300EE7CF9 /* MenuButton.swift */ = {isa = PBXFileReference; lastKnownFileType = sourcecode.swift; path = MenuButton.swift; sourceTree = "<group>"; };
		D8D89A19297E304E00EE7CF9 /* HouseView.swift */ = {isa = PBXFileReference; lastKnownFileType = sourcecode.swift; path = HouseView.swift; sourceTree = "<group>"; };
		D8E98E18297D0EE3004FBD4E /* Chore Manager.app */ = {isa = PBXFileReference; explicitFileType = wrapper.application; includeInIndex = 0; path = "Chore Manager.app"; sourceTree = BUILT_PRODUCTS_DIR; };
		D8E98E1B297D0EE3004FBD4E /* Chore_ManagerApp.swift */ = {isa = PBXFileReference; lastKnownFileType = sourcecode.swift; path = Chore_ManagerApp.swift; sourceTree = "<group>"; };
		D8E98E1D297D0EE3004FBD4E /* ContentView.swift */ = {isa = PBXFileReference; lastKnownFileType = sourcecode.swift; path = ContentView.swift; sourceTree = "<group>"; };
		D8E98E1F297D0EE5004FBD4E /* Assets.xcassets */ = {isa = PBXFileReference; lastKnownFileType = folder.assetcatalog; path = Assets.xcassets; sourceTree = "<group>"; };
		D8E98E21297D0EE5004FBD4E /* Chore_Manager.entitlements */ = {isa = PBXFileReference; lastKnownFileType = text.plist.entitlements; path = Chore_Manager.entitlements; sourceTree = "<group>"; };
		D8E98E23297D0EE5004FBD4E /* Preview Assets.xcassets */ = {isa = PBXFileReference; lastKnownFileType = folder.assetcatalog; path = "Preview Assets.xcassets"; sourceTree = "<group>"; };
		D8E98E29297D0EE5004FBD4E /* Chore ManagerTests.xctest */ = {isa = PBXFileReference; explicitFileType = wrapper.cfbundle; includeInIndex = 0; path = "Chore ManagerTests.xctest"; sourceTree = BUILT_PRODUCTS_DIR; };
		D8E98E33297D0EE5004FBD4E /* Chore ManagerUITests.xctest */ = {isa = PBXFileReference; explicitFileType = wrapper.cfbundle; includeInIndex = 0; path = "Chore ManagerUITests.xctest"; sourceTree = BUILT_PRODUCTS_DIR; };
/* End PBXFileReference section */

/* Begin PBXFrameworksBuildPhase section */
		D8E98E15297D0EE3004FBD4E /* Frameworks */ = {
			isa = PBXFrameworksBuildPhase;
			buildActionMask = 2147483647;
			files = (
			);
			runOnlyForDeploymentPostprocessing = 0;
		};
		D8E98E26297D0EE5004FBD4E /* Frameworks */ = {
			isa = PBXFrameworksBuildPhase;
			buildActionMask = 2147483647;
			files = (
			);
			runOnlyForDeploymentPostprocessing = 0;
		};
		D8E98E30297D0EE5004FBD4E /* Frameworks */ = {
			isa = PBXFrameworksBuildPhase;
			buildActionMask = 2147483647;
			files = (
			);
			runOnlyForDeploymentPostprocessing = 0;
		};
/* End PBXFrameworksBuildPhase section */

/* Begin PBXGroup section */
		D8E98E0F297D0EE3004FBD4E = {
			isa = PBXGroup;
			children = (
				D8E98E1A297D0EE3004FBD4E /* Chore Manager */,
				D8E98E19297D0EE3004FBD4E /* Products */,
			);
			sourceTree = "<group>";
		};
		D8E98E19297D0EE3004FBD4E /* Products */ = {
			isa = PBXGroup;
			children = (
				D8E98E18297D0EE3004FBD4E /* Chore Manager.app */,
				D8E98E29297D0EE5004FBD4E /* Chore ManagerTests.xctest */,
				D8E98E33297D0EE5004FBD4E /* Chore ManagerUITests.xctest */,
			);
			name = Products;
			sourceTree = "<group>";
		};
		D8E98E1A297D0EE3004FBD4E /* Chore Manager */ = {
			isa = PBXGroup;
			children = (
				D8E98E1B297D0EE3004FBD4E /* Chore_ManagerApp.swift */,
				D8E98E1D297D0EE3004FBD4E /* ContentView.swift */,
				D8D89A15297E27A300EE7CF9 /* MenuButton.swift */,
				D8D89A13297E271300EE7CF9 /* CreateHouse.swift */,
				D8D89A19297E304E00EE7CF9 /* HouseView.swift */,
				D8E98E1F297D0EE5004FBD4E /* Assets.xcassets */,
				D8E98E21297D0EE5004FBD4E /* Chore_Manager.entitlements */,
				D8E98E22297D0EE5004FBD4E /* Preview Content */,
			);
			path = "Chore Manager";
			sourceTree = "<group>";
		};
		D8E98E22297D0EE5004FBD4E /* Preview Content */ = {
			isa = PBXGroup;
			children = (
				D8E98E23297D0EE5004FBD4E /* Preview Assets.xcassets */,
			);
			path = "Preview Content";
			sourceTree = "<group>";
		};
/* End PBXGroup section */

/* Begin PBXNativeTarget section */
		D8E98E17297D0EE3004FBD4E /* Chore Manager */ = {
			isa = PBXNativeTarget;
			buildConfigurationList = D8E98E3D297D0EE5004FBD4E /* Build configuration list for PBXNativeTarget "Chore Manager" */;
			buildPhases = (
				D8E98E14297D0EE3004FBD4E /* Sources */,
				D8E98E15297D0EE3004FBD4E /* Frameworks */,
				D8E98E16297D0EE3004FBD4E /* Resources */,
			);
			buildRules = (
			);
			dependencies = (
			);
			name = "Chore Manager";
			productName = "Chore Manager";
			productReference = D8E98E18297D0EE3004FBD4E /* Chore Manager.app */;
			productType = "com.apple.product-type.application";
		};
		D8E98E28297D0EE5004FBD4E /* Chore ManagerTests */ = {
			isa = PBXNativeTarget;
			buildConfigurationList = D8E98E40297D0EE5004FBD4E /* Build configuration list for PBXNativeTarget "Chore ManagerTests" */;
			buildPhases = (
				D8E98E25297D0EE5004FBD4E /* Sources */,
				D8E98E26297D0EE5004FBD4E /* Frameworks */,
				D8E98E27297D0EE5004FBD4E /* Resources */,
			);
			buildRules = (
			);
			dependencies = (
				D8E98E2B297D0EE5004FBD4E /* PBXTargetDependency */,
			);
			name = "Chore ManagerTests";
			productName = "Chore ManagerTests";
			productReference = D8E98E29297D0EE5004FBD4E /* Chore ManagerTests.xctest */;
			productType = "com.apple.product-type.bundle.unit-test";
		};
		D8E98E32297D0EE5004FBD4E /* Chore ManagerUITests */ = {
			isa = PBXNativeTarget;
			buildConfigurationList = D8E98E43297D0EE5004FBD4E /* Build configuration list for PBXNativeTarget "Chore ManagerUITests" */;
			buildPhases = (
				D8E98E2F297D0EE5004FBD4E /* Sources */,
				D8E98E30297D0EE5004FBD4E /* Frameworks */,
				D8E98E31297D0EE5004FBD4E /* Resources */,
			);
			buildRules = (
			);
			dependencies = (
				D8E98E35297D0EE5004FBD4E /* PBXTargetDependency */,
			);
			name = "Chore ManagerUITests";
			productName = "Chore ManagerUITests";
			productReference = D8E98E33297D0EE5004FBD4E /* Chore ManagerUITests.xctest */;
			productType = "com.apple.product-type.bundle.ui-testing";
		};
/* End PBXNativeTarget section */

/* Begin PBXProject section */
		D8E98E10297D0EE3004FBD4E /* Project object */ = {
			isa = PBXProject;
			attributes = {
				BuildIndependentTargetsInParallel = 1;
				LastSwiftUpdateCheck = 1420;
				LastUpgradeCheck = 1420;
				TargetAttributes = {
					D8E98E17297D0EE3004FBD4E = {
						CreatedOnToolsVersion = 14.2;
					};
					D8E98E28297D0EE5004FBD4E = {
						CreatedOnToolsVersion = 14.2;
						TestTargetID = D8E98E17297D0EE3004FBD4E;
					};
					D8E98E32297D0EE5004FBD4E = {
						CreatedOnToolsVersion = 14.2;
						TestTargetID = D8E98E17297D0EE3004FBD4E;
					};
				};
			};
			buildConfigurationList = D8E98E13297D0EE3004FBD4E /* Build configuration list for PBXProject "Chore Manager" */;
			compatibilityVersion = "Xcode 14.0";
			developmentRegion = en;
			hasScannedForEncodings = 0;
			knownRegions = (
				en,
				Base,
			);
			mainGroup = D8E98E0F297D0EE3004FBD4E;
			productRefGroup = D8E98E19297D0EE3004FBD4E /* Products */;
			projectDirPath = "";
			projectRoot = "";
			targets = (
				D8E98E17297D0EE3004FBD4E /* Chore Manager */,
				D8E98E28297D0EE5004FBD4E /* Chore ManagerTests */,
				D8E98E32297D0EE5004FBD4E /* Chore ManagerUITests */,
			);
		};
/* End PBXProject section */

/* Begin PBXResourcesBuildPhase section */
		D8E98E16297D0EE3004FBD4E /* Resources */ = {
			isa = PBXResourcesBuildPhase;
			buildActionMask = 2147483647;
			files = (
				D8E98E24297D0EE5004FBD4E /* Preview Assets.xcassets in Resources */,
				D8E98E20297D0EE5004FBD4E /* Assets.xcassets in Resources */,
			);
			runOnlyForDeploymentPostprocessing = 0;
		};
		D8E98E27297D0EE5004FBD4E /* Resources */ = {
			isa = PBXResourcesBuildPhase;
			buildActionMask = 2147483647;
			files = (
			);
			runOnlyForDeploymentPostprocessing = 0;
		};
		D8E98E31297D0EE5004FBD4E /* Resources */ = {
			isa = PBXResourcesBuildPhase;
			buildActionMask = 2147483647;
			files = (
			);
			runOnlyForDeploymentPostprocessing = 0;
		};
/* End PBXResourcesBuildPhase section */

/* Begin PBXSourcesBuildPhase section */
		D8E98E14297D0EE3004FBD4E /* Sources */ = {
			isa = PBXSourcesBuildPhase;
			buildActionMask = 2147483647;
			files = (
				D8D89A1A297E304E00EE7CF9 /* HouseView.swift in Sources */,
				D8D89A16297E27A300EE7CF9 /* MenuButton.swift in Sources */,
				D8D89A14297E271300EE7CF9 /* CreateHouse.swift in Sources */,
				D8E98E1E297D0EE3004FBD4E /* ContentView.swift in Sources */,
				D8E98E1C297D0EE3004FBD4E /* Chore_ManagerApp.swift in Sources */,
			);
			runOnlyForDeploymentPostprocessing = 0;
		};
		D8E98E25297D0EE5004FBD4E /* Sources */ = {
			isa = PBXSourcesBuildPhase;
			buildActionMask = 2147483647;
			files = (
			);
			runOnlyForDeploymentPostprocessing = 0;
		};
		D8E98E2F297D0EE5004FBD4E /* Sources */ = {
			isa = PBXSourcesBuildPhase;
			buildActionMask = 2147483647;
			files = (
			);
			runOnlyForDeploymentPostprocessing = 0;
		};
/* End PBXSourcesBuildPhase section */

/* Begin PBXTargetDependency section */
		D8E98E2B297D0EE5004FBD4E /* PBXTargetDependency */ = {
			isa = PBXTargetDependency;
			target = D8E98E17297D0EE3004FBD4E /* Chore Manager */;
			targetProxy = D8E98E2A297D0EE5004FBD4E /* PBXContainerItemProxy */;
		};
		D8E98E35297D0EE5004FBD4E /* PBXTargetDependency */ = {
			isa = PBXTargetDependency;
			target = D8E98E17297D0EE3004FBD4E /* Chore Manager */;
			targetProxy = D8E98E34297D0EE5004FBD4E /* PBXContainerItemProxy */;
		};
/* End PBXTargetDependency section */

/* Begin XCBuildConfiguration section */
		D8E98E3B297D0EE5004FBD4E /* Debug */ = {
			isa = XCBuildConfiguration;
			buildSettings = {
				ALWAYS_SEARCH_USER_PATHS = NO;
				CLANG_ANALYZER_NONNULL = YES;
				CLANG_ANALYZER_NUMBER_OBJECT_CONVERSION = YES_AGGRESSIVE;
				CLANG_CXX_LANGUAGE_STANDARD = "gnu++20";
				CLANG_ENABLE_MODULES = YES;
				CLANG_ENABLE_OBJC_ARC = YES;
				CLANG_ENABLE_OBJC_WEAK = YES;
				CLANG_WARN_BLOCK_CAPTURE_AUTORELEASING = YES;
				CLANG_WARN_BOOL_CONVERSION = YES;
				CLANG_WARN_COMMA = YES;
				CLANG_WARN_CONSTANT_CONVERSION = YES;
				CLANG_WARN_DEPRECATED_OBJC_IMPLEMENTATIONS = YES;
				CLANG_WARN_DIRECT_OBJC_ISA_USAGE = YES_ERROR;
				CLANG_WARN_DOCUMENTATION_COMMENTS = YES;
				CLANG_WARN_EMPTY_BODY = YES;
				CLANG_WARN_ENUM_CONVERSION = YES;
				CLANG_WARN_INFINITE_RECURSION = YES;
				CLANG_WARN_INT_CONVERSION = YES;
				CLANG_WARN_NON_LITERAL_NULL_CONVERSION = YES;
				CLANG_WARN_OBJC_IMPLICIT_RETAIN_SELF = YES;
				CLANG_WARN_OBJC_LITERAL_CONVERSION = YES;
				CLANG_WARN_OBJC_ROOT_CLASS = YES_ERROR;
				CLANG_WARN_QUOTED_INCLUDE_IN_FRAMEWORK_HEADER = YES;
				CLANG_WARN_RANGE_LOOP_ANALYSIS = YES;
				CLANG_WARN_STRICT_PROTOTYPES = YES;
				CLANG_WARN_SUSPICIOUS_MOVE = YES;
				CLANG_WARN_UNGUARDED_AVAILABILITY = YES_AGGRESSIVE;
				CLANG_WARN_UNREACHABLE_CODE = YES;
				CLANG_WARN__DUPLICATE_METHOD_MATCH = YES;
				COPY_PHASE_STRIP = NO;
				DEBUG_INFORMATION_FORMAT = dwarf;
				ENABLE_STRICT_OBJC_MSGSEND = YES;
				ENABLE_TESTABILITY = YES;
				GCC_C_LANGUAGE_STANDARD = gnu11;
				GCC_DYNAMIC_NO_PIC = NO;
				GCC_NO_COMMON_BLOCKS = YES;
				GCC_OPTIMIZATION_LEVEL = 0;
				GCC_PREPROCESSOR_DEFINITIONS = (
					"DEBUG=1",
					"$(inherited)",
				);
				GCC_WARN_64_TO_32_BIT_CONVERSION = YES;
				GCC_WARN_ABOUT_RETURN_TYPE = YES_ERROR;
				GCC_WARN_UNDECLARED_SELECTOR = YES;
				GCC_WARN_UNINITIALIZED_AUTOS = YES_AGGRESSIVE;
				GCC_WARN_UNUSED_FUNCTION = YES;
				GCC_WARN_UNUSED_VARIABLE = YES;
				MTL_ENABLE_DEBUG_INFO = INCLUDE_SOURCE;
				MTL_FAST_MATH = YES;
				ONLY_ACTIVE_ARCH = YES;
				SWIFT_ACTIVE_COMPILATION_CONDITIONS = DEBUG;
				SWIFT_OPTIMIZATION_LEVEL = "-Onone";
			};
			name = Debug;
		};
		D8E98E3C297D0EE5004FBD4E /* Release */ = {
			isa = XCBuildConfiguration;
			buildSettings = {
				ALWAYS_SEARCH_USER_PATHS = NO;
				CLANG_ANALYZER_NONNULL = YES;
				CLANG_ANALYZER_NUMBER_OBJECT_CONVERSION = YES_AGGRESSIVE;
				CLANG_CXX_LANGUAGE_STANDARD = "gnu++20";
				CLANG_ENABLE_MODULES = YES;
				CLANG_ENABLE_OBJC_ARC = YES;
				CLANG_ENABLE_OBJC_WEAK = YES;
				CLANG_WARN_BLOCK_CAPTURE_AUTORELEASING = YES;
				CLANG_WARN_BOOL_CONVERSION = YES;
				CLANG_WARN_COMMA = YES;
				CLANG_WARN_CONSTANT_CONVERSION = YES;
				CLANG_WARN_DEPRECATED_OBJC_IMPLEMENTATIONS = YES;
				CLANG_WARN_DIRECT_OBJC_ISA_USAGE = YES_ERROR;
				CLANG_WARN_DOCUMENTATION_COMMENTS = YES;
				CLANG_WARN_EMPTY_BODY = YES;
				CLANG_WARN_ENUM_CONVERSION = YES;
				CLANG_WARN_INFINITE_RECURSION = YES;
				CLANG_WARN_INT_CONVERSION = YES;
				CLANG_WARN_NON_LITERAL_NULL_CONVERSION = YES;
				CLANG_WARN_OBJC_IMPLICIT_RETAIN_SELF = YES;
				CLANG_WARN_OBJC_LITERAL_CONVERSION = YES;
				CLANG_WARN_OBJC_ROOT_CLASS = YES_ERROR;
				CLANG_WARN_QUOTED_INCLUDE_IN_FRAMEWORK_HEADER = YES;
				CLANG_WARN_RANGE_LOOP_ANALYSIS = YES;
				CLANG_WARN_STRICT_PROTOTYPES = YES;
				CLANG_WARN_SUSPICIOUS_MOVE = YES;
				CLANG_WARN_UNGUARDED_AVAILABILITY = YES_AGGRESSIVE;
				CLANG_WARN_UNREACHABLE_CODE = YES;
				CLANG_WARN__DUPLICATE_METHOD_MATCH = YES;
				COPY_PHASE_STRIP = NO;
				DEBUG_INFORMATION_FORMAT = "dwarf-with-dsym";
				ENABLE_NS_ASSERTIONS = NO;
				ENABLE_STRICT_OBJC_MSGSEND = YES;
				GCC_C_LANGUAGE_STANDARD = gnu11;
				GCC_NO_COMMON_BLOCKS = YES;
				GCC_WARN_64_TO_32_BIT_CONVERSION = YES;
				GCC_WARN_ABOUT_RETURN_TYPE = YES_ERROR;
				GCC_WARN_UNDECLARED_SELECTOR = YES;
				GCC_WARN_UNINITIALIZED_AUTOS = YES_AGGRESSIVE;
				GCC_WARN_UNUSED_FUNCTION = YES;
				GCC_WARN_UNUSED_VARIABLE = YES;
				MTL_ENABLE_DEBUG_INFO = NO;
				MTL_FAST_MATH = YES;
				SWIFT_COMPILATION_MODE = wholemodule;
				SWIFT_OPTIMIZATION_LEVEL = "-O";
			};
			name = Release;
		};
		D8E98E3E297D0EE5004FBD4E /* Debug */ = {
			isa = XCBuildConfiguration;
			buildSettings = {
				ASSETCATALOG_COMPILER_APPICON_NAME = AppIcon;
				ASSETCATALOG_COMPILER_GLOBAL_ACCENT_COLOR_NAME = AccentColor;
				CODE_SIGN_ENTITLEMENTS = "Chore Manager/Chore_Manager.entitlements";
				CODE_SIGN_STYLE = Automatic;
				CURRENT_PROJECT_VERSION = 1;
				DEVELOPMENT_ASSET_PATHS = "\"Chore Manager/Preview Content\"";
				ENABLE_PREVIEWS = YES;
				GENERATE_INFOPLIST_FILE = YES;
				"INFOPLIST_KEY_UIApplicationSceneManifest_Generation[sdk=iphoneos*]" = YES;
				"INFOPLIST_KEY_UIApplicationSceneManifest_Generation[sdk=iphonesimulator*]" = YES;
				"INFOPLIST_KEY_UIApplicationSupportsIndirectInputEvents[sdk=iphoneos*]" = YES;
				"INFOPLIST_KEY_UIApplicationSupportsIndirectInputEvents[sdk=iphonesimulator*]" = YES;
				"INFOPLIST_KEY_UILaunchScreen_Generation[sdk=iphoneos*]" = YES;
				"INFOPLIST_KEY_UILaunchScreen_Generation[sdk=iphonesimulator*]" = YES;
				"INFOPLIST_KEY_UIStatusBarStyle[sdk=iphoneos*]" = UIStatusBarStyleDefault;
				"INFOPLIST_KEY_UIStatusBarStyle[sdk=iphonesimulator*]" = UIStatusBarStyleDefault;
				INFOPLIST_KEY_UISupportedInterfaceOrientations_iPad = "UIInterfaceOrientationPortrait UIInterfaceOrientationPortraitUpsideDown UIInterfaceOrientationLandscapeLeft UIInterfaceOrientationLandscapeRight";
				INFOPLIST_KEY_UISupportedInterfaceOrientations_iPhone = "UIInterfaceOrientationPortrait UIInterfaceOrientationLandscapeLeft UIInterfaceOrientationLandscapeRight";
				IPHONEOS_DEPLOYMENT_TARGET = 16.2;
				LD_RUNPATH_SEARCH_PATHS = "@executable_path/Frameworks";
				"LD_RUNPATH_SEARCH_PATHS[sdk=macosx*]" = "@executable_path/../Frameworks";
				MACOSX_DEPLOYMENT_TARGET = 12.6;
				MARKETING_VERSION = 1.0;
				PRODUCT_BUNDLE_IDENTIFIER = "ca.jasontan.Chore-Manager";
				PRODUCT_NAME = "$(TARGET_NAME)";
				SDKROOT = auto;
				SUPPORTED_PLATFORMS = "iphoneos iphonesimulator macosx";
				SWIFT_EMIT_LOC_STRINGS = YES;
				SWIFT_VERSION = 5.0;
				TARGETED_DEVICE_FAMILY = "1,2";
			};
			name = Debug;
		};
		D8E98E3F297D0EE5004FBD4E /* Release */ = {
			isa = XCBuildConfiguration;
			buildSettings = {
				ASSETCATALOG_COMPILER_APPICON_NAME = AppIcon;
				ASSETCATALOG_COMPILER_GLOBAL_ACCENT_COLOR_NAME = AccentColor;
				CODE_SIGN_ENTITLEMENTS = "Chore Manager/Chore_Manager.entitlements";
				CODE_SIGN_STYLE = Automatic;
				CURRENT_PROJECT_VERSION = 1;
				DEVELOPMENT_ASSET_PATHS = "\"Chore Manager/Preview Content\"";
				ENABLE_PREVIEWS = YES;
				GENERATE_INFOPLIST_FILE = YES;
				"INFOPLIST_KEY_UIApplicationSceneManifest_Generation[sdk=iphoneos*]" = YES;
				"INFOPLIST_KEY_UIApplicationSceneManifest_Generation[sdk=iphonesimulator*]" = YES;
				"INFOPLIST_KEY_UIApplicationSupportsIndirectInputEvents[sdk=iphoneos*]" = YES;
				"INFOPLIST_KEY_UIApplicationSupportsIndirectInputEvents[sdk=iphonesimulator*]" = YES;
				"INFOPLIST_KEY_UILaunchScreen_Generation[sdk=iphoneos*]" = YES;
				"INFOPLIST_KEY_UILaunchScreen_Generation[sdk=iphonesimulator*]" = YES;
				"INFOPLIST_KEY_UIStatusBarStyle[sdk=iphoneos*]" = UIStatusBarStyleDefault;
				"INFOPLIST_KEY_UIStatusBarStyle[sdk=iphonesimulator*]" = UIStatusBarStyleDefault;
				INFOPLIST_KEY_UISupportedInterfaceOrientations_iPad = "UIInterfaceOrientationPortrait UIInterfaceOrientationPortraitUpsideDown UIInterfaceOrientationLandscapeLeft UIInterfaceOrientationLandscapeRight";
				INFOPLIST_KEY_UISupportedInterfaceOrientations_iPhone = "UIInterfaceOrientationPortrait UIInterfaceOrientationLandscapeLeft UIInterfaceOrientationLandscapeRight";
				IPHONEOS_DEPLOYMENT_TARGET = 16.2;
				LD_RUNPATH_SEARCH_PATHS = "@executable_path/Frameworks";
				"LD_RUNPATH_SEARCH_PATHS[sdk=macosx*]" = "@executable_path/../Frameworks";
				MACOSX_DEPLOYMENT_TARGET = 12.6;
				MARKETING_VERSION = 1.0;
				PRODUCT_BUNDLE_IDENTIFIER = "ca.jasontan.Chore-Manager";
				PRODUCT_NAME = "$(TARGET_NAME)";
				SDKROOT = auto;
				SUPPORTED_PLATFORMS = "iphoneos iphonesimulator macosx";
				SWIFT_EMIT_LOC_STRINGS = YES;
				SWIFT_VERSION = 5.0;
				TARGETED_DEVICE_FAMILY = "1,2";
			};
			name = Release;
		};
		D8E98E41297D0EE5004FBD4E /* Debug */ = {
			isa = XCBuildConfiguration;
			buildSettings = {
				ALWAYS_EMBED_SWIFT_STANDARD_LIBRARIES = YES;
				BUNDLE_LOADER = "$(TEST_HOST)";
				CODE_SIGN_STYLE = Automatic;
				CURRENT_PROJECT_VERSION = 1;
				GENERATE_INFOPLIST_FILE = YES;
				IPHONEOS_DEPLOYMENT_TARGET = 16.2;
				MACOSX_DEPLOYMENT_TARGET = 12.6;
				MARKETING_VERSION = 1.0;
				PRODUCT_BUNDLE_IDENTIFIER = "ca.jasontan.Chore-ManagerTests";
				PRODUCT_NAME = "$(TARGET_NAME)";
				SDKROOT = auto;
				SUPPORTED_PLATFORMS = "iphoneos iphonesimulator macosx";
				SWIFT_EMIT_LOC_STRINGS = NO;
				SWIFT_VERSION = 5.0;
				TARGETED_DEVICE_FAMILY = "1,2";
				TEST_HOST = "$(BUILT_PRODUCTS_DIR)/Chore Manager.app/$(BUNDLE_EXECUTABLE_FOLDER_PATH)/Chore Manager";
			};
			name = Debug;
		};
		D8E98E42297D0EE5004FBD4E /* Release */ = {
			isa = XCBuildConfiguration;
			buildSettings = {
				ALWAYS_EMBED_SWIFT_STANDARD_LIBRARIES = YES;
				BUNDLE_LOADER = "$(TEST_HOST)";
				CODE_SIGN_STYLE = Automatic;
				CURRENT_PROJECT_VERSION = 1;
				GENERATE_INFOPLIST_FILE = YES;
				IPHONEOS_DEPLOYMENT_TARGET = 16.2;
				MACOSX_DEPLOYMENT_TARGET = 12.6;
				MARKETING_VERSION = 1.0;
				PRODUCT_BUNDLE_IDENTIFIER = "ca.jasontan.Chore-ManagerTests";
				PRODUCT_NAME = "$(TARGET_NAME)";
				SDKROOT = auto;
				SUPPORTED_PLATFORMS = "iphoneos iphonesimulator macosx";
				SWIFT_EMIT_LOC_STRINGS = NO;
				SWIFT_VERSION = 5.0;
				TARGETED_DEVICE_FAMILY = "1,2";
				TEST_HOST = "$(BUILT_PRODUCTS_DIR)/Chore Manager.app/$(BUNDLE_EXECUTABLE_FOLDER_PATH)/Chore Manager";
			};
			name = Release;
		};
		D8E98E44297D0EE5004FBD4E /* Debug */ = {
			isa = XCBuildConfiguration;
			buildSettings = {
				ALWAYS_EMBED_SWIFT_STANDARD_LIBRARIES = YES;
				CODE_SIGN_STYLE = Automatic;
				CURRENT_PROJECT_VERSION = 1;
				GENERATE_INFOPLIST_FILE = YES;
				IPHONEOS_DEPLOYMENT_TARGET = 16.2;
				MACOSX_DEPLOYMENT_TARGET = 12.6;
				MARKETING_VERSION = 1.0;
				PRODUCT_BUNDLE_IDENTIFIER = "ca.jasontan.Chore-ManagerUITests";
				PRODUCT_NAME = "$(TARGET_NAME)";
				SDKROOT = auto;
				SUPPORTED_PLATFORMS = "iphoneos iphonesimulator macosx";
				SWIFT_EMIT_LOC_STRINGS = NO;
				SWIFT_VERSION = 5.0;
				TARGETED_DEVICE_FAMILY = "1,2";
				TEST_TARGET_NAME = "Chore Manager";
			};
			name = Debug;
		};
		D8E98E45297D0EE5004FBD4E /* Release */ = {
			isa = XCBuildConfiguration;
			buildSettings = {
				ALWAYS_EMBED_SWIFT_STANDARD_LIBRARIES = YES;
				CODE_SIGN_STYLE = Automatic;
				CURRENT_PROJECT_VERSION = 1;
				GENERATE_INFOPLIST_FILE = YES;
				IPHONEOS_DEPLOYMENT_TARGET = 16.2;
				MACOSX_DEPLOYMENT_TARGET = 12.6;
				MARKETING_VERSION = 1.0;
				PRODUCT_BUNDLE_IDENTIFIER = "ca.jasontan.Chore-ManagerUITests";
				PRODUCT_NAME = "$(TARGET_NAME)";
				SDKROOT = auto;
				SUPPORTED_PLATFORMS = "iphoneos iphonesimulator macosx";
				SWIFT_EMIT_LOC_STRINGS = NO;
				SWIFT_VERSION = 5.0;
				TARGETED_DEVICE_FAMILY = "1,2";
				TEST_TARGET_NAME = "Chore Manager";
			};
			name = Release;
		};
/* End XCBuildConfiguration section */

/* Begin XCConfigurationList section */
		D8E98E13297D0EE3004FBD4E /* Build configuration list for PBXProject "Chore Manager" */ = {
			isa = XCConfigurationList;
			buildConfigurations = (
				D8E98E3B297D0EE5004FBD4E /* Debug */,
				D8E98E3C297D0EE5004FBD4E /* Release */,
			);
			defaultConfigurationIsVisible = 0;
			defaultConfigurationName = Release;
		};
		D8E98E3D297D0EE5004FBD4E /* Build configuration list for PBXNativeTarget "Chore Manager" */ = {
			isa = XCConfigurationList;
			buildConfigurations = (
				D8E98E3E297D0EE5004FBD4E /* Debug */,
				D8E98E3F297D0EE5004FBD4E /* Release */,
			);
			defaultConfigurationIsVisible = 0;
			defaultConfigurationName = Release;
		};
		D8E98E40297D0EE5004FBD4E /* Build configuration list for PBXNativeTarget "Chore ManagerTests" */ = {
			isa = XCConfigurationList;
			buildConfigurations = (
				D8E98E41297D0EE5004FBD4E /* Debug */,
				D8E98E42297D0EE5004FBD4E /* Release */,
			);
			defaultConfigurationIsVisible = 0;
			defaultConfigurationName = Release;
		};
		D8E98E43297D0EE5004FBD4E /* Build configuration list for PBXNativeTarget "Chore ManagerUITests" */ = {
			isa = XCConfigurationList;
			buildConfigurations = (
				D8E98E44297D0EE5004FBD4E /* Debug */,
				D8E98E45297D0EE5004FBD4E /* Release */,
			);
			defaultConfigurationIsVisible = 0;
			defaultConfigurationName = Release;
		};
/* End XCConfigurationList section */
	};
	rootObject = D8E98E10297D0EE3004FBD4E /* Project object */;
}
